// !$*UTF8*$!
{
	archiveVersion = 1;
	classes = {
	};
	objectVersion = 110;
	objects = {

/* Begin PBXBuildFile section */
		85F3B66D300740F300DA91ED /* MLXLMCommon in Frameworks */ = {isa = PBXBuildFile; productRef = 85F3B66C300740F300DA91ED /* MLXLMCommon */; };
		85F3B66F300740F300DA91ED /* MLXVLM in Frameworks */ = {isa = PBXBuildFile; productRef = 85F3B66E300740F300DA91ED /* MLXVLM */; };
		85F3B6723007434600DA91ED /* MLXHuggingFace in Frameworks */ = {isa = PBXBuildFile; productRef = 85F3B6713007434600DA91ED /* MLXHuggingFace */; };
		85F3B6753007442500DA91ED /* Hub in Frameworks */ = {isa = PBXBuildFile; productRef = 85F3B6743007442500DA91ED /* Hub */; };
		85F3B6773007442500DA91ED /* Tokenizers in Frameworks */ = {isa = PBXBuildFile; productRef = 85F3B6763007442500DA91ED /* Tokenizers */; };
		85F3B6793007442500DA91ED /* Transformers in Frameworks */ = {isa = PBXBuildFile; productRef = 85F3B6783007442500DA91ED /* Transformers */; };
/* End PBXBuildFile section */

/* Begin PBXFileReference section */
		85F3B6373007128400DA91ED /* AI Camera.app */ = {isa = PBXFileReference; explicitFileType = wrapper.application; includeInIndex = 0; path = "AI Camera.app"; sourceTree = BUILT_PRODUCTS_DIR; };
/* End PBXFileReference section */

/* Begin PBXFileSystemSynchronizedRootGroup section */
		85F3B6393007128400DA91ED /* AI Camera */ = {
			isa = PBXFileSystemSynchronizedRootGroup;
			path = "AI Camera";
			sourceTree = "<group>";
		};
/* End PBXFileSystemSynchronizedRootGroup section */

/* Begin PBXFrameworksBuildPhase section */
		85F3B6343007128400DA91ED /* Frameworks */ = {
			isa = PBXFrameworksBuildPhase;
			files = (
				85F3B6793007442500DA91ED /* Transformers in Frameworks */,
				85F3B66F300740F300DA91ED /* MLXVLM in Frameworks */,
				85F3B66D300740F300DA91ED /* MLXLMCommon in Frameworks */,
				85F3B6753007442500DA91ED /* Hub in Frameworks */,
				85F3B6723007434600DA91ED /* MLXHuggingFace in Frameworks */,
				85F3B6773007442500DA91ED /* Tokenizers in Frameworks */,
			);
		};
/* End PBXFrameworksBuildPhase section */

/* Begin PBXGroup section */
		85F3B62E3007128400DA91ED = {
			isa = PBXGroup;
			children = (
				85F3B6393007128400DA91ED /* AI Camera */,
				85F3B6703007434600DA91ED /* Frameworks */,
				85F3B6383007128400DA91ED /* Products */,
			);
			sourceTree = "<group>";
		};
		85F3B6383007128400DA91ED /* Products */ = {
			isa = PBXGroup;
			children = (
				85F3B6373007128400DA91ED /* AI Camera.app */,
			);
			name = Products;
			sourceTree = "<group>";
		};
		85F3B6703007434600DA91ED /* Frameworks */ = {
			isa = PBXGroup;
			children = (
			);
			name = Frameworks;
			sourceTree = "<group>";
		};
/* End PBXGroup section */

/* Begin PBXNativeTarget section */
		85F3B6363007128400DA91ED /* AI Camera */ = {
			isa = PBXNativeTarget;
			buildConfigurationList = 85F3B6423007128B00DA91ED /* Build configuration list for PBXNativeTarget "AI Camera" */;
			buildPhases = (
				85F3B6333007128400DA91ED /* Sources */,
				85F3B6343007128400DA91ED /* Frameworks */,
				85F3B6353007128400DA91ED /* Resources */,
			);
			buildRules = (
			);
			fileSystemSynchronizedGroups = (
				85F3B6393007128400DA91ED /* AI Camera */,
			);
			name = "AI Camera";
			packageProductDependencies = (
				85F3B66C300740F300DA91ED /* MLXLMCommon */,
				85F3B66E300740F300DA91ED /* MLXVLM */,
				85F3B6713007434600DA91ED /* MLXHuggingFace */,
				85F3B6743007442500DA91ED /* Hub */,
				85F3B6763007442500DA91ED /* Tokenizers */,
				85F3B6783007442500DA91ED /* Transformers */,
			);
			productName = "AI Camera";
			productReference = 85F3B6373007128400DA91ED /* AI Camera.app */;
			productType = "com.apple.product-type.application";
		};
/* End PBXNativeTarget section */

/* Begin PBXProject section */
		85F3B62F3007128400DA91ED /* Project object */ = {
			isa = PBXProject;
			attributes = {
				BuildIndependentTargetsInParallel = 1;
				LastSwiftUpdateCheck = 2700;
				LastUpgradeCheck = 2700;
				TargetAttributes = {
					85F3B6363007128400DA91ED = {
						CreatedOnToolsVersion = 27.0;
					};
				};
			};
			buildConfigurationList = 85F3B6323007128400DA91ED /* Build configuration list for PBXProject "AI Camera" */;
			developmentRegion = en;
			hasScannedForEncodings = 0;
			knownRegions = (
				en,
				Base,
			);
			mainGroup = 85F3B62E3007128400DA91ED;
			minimizedProjectReferenceProxies = 1;
			packageReferences = (
				85F3B66B300740F300DA91ED /* XCRemoteSwiftPackageReference "mlx-swift-lm" */,
				85F3B6733007442500DA91ED /* XCRemoteSwiftPackageReference "swift-transformers" */,
			);
			preferredProjectObjectVersion = 77;
			productRefGroup = 85F3B6383007128400DA91ED /* Products */;
			projectDirPath = "";
			projectRoot = "";
			targets = (
				85F3B6363007128400DA91ED /* AI Camera */,
			);
		};
/* End PBXProject section */

/* Begin PBXResourcesBuildPhase section */
		85F3B6353007128400DA91ED /* Resources */ = {
			isa = PBXResourcesBuildPhase;
			files = (
			);
		};
/* End PBXResourcesBuildPhase section */

/* Begin PBXSourcesBuildPhase section */
		85F3B6333007128400DA91ED /* Sources */ = {
			isa = PBXSourcesBuildPhase;
			files = (
			);
		};
/* End PBXSourcesBuildPhase section */

/* Begin XCBuildConfiguration section */
		85F3B6403007128B00DA91ED /* Debug configuration for PBXProject "AI Camera" */ = {
			isa = XCBuildConfiguration;
			buildSettings = {
				ALWAYS_SEARCH_USER_PATHS = NO;
				ASSETCATALOG_COMPILER_GENERATE_SWIFT_ASSET_SYMBOL_EXTENSIONS = YES;
				CLANG_ANALYZER_NONNULL = YES;
				CLANG_ANALYZER_NUMBER_OBJECT_CONVERSION = YES_AGGRESSIVE;
				CLANG_CXX_LANGUAGE_STANDARD = "gnu++20";
				CLANG_ENABLE_MODULES = YES;
				CLANG_ENABLE_OBJC_ARC = YES;
				CLANG_ENABLE_OBJC_WEAK = YES;
				CLANG_WARN_BLOCK_CAPTURE_AUTORELEASING = YES;
				CLANG_WARN_BOOL_CONVERSION = YES;
				CLANG_WARN_COMMA = YES;
				CLANG_WARN_CONSTANT_CONVERSION = YES;
				CLANG_WARN_DEPRECATED_OBJC_IMPLEMENTATIONS = YES;
				CLANG_WARN_DIRECT_OBJC_ISA_USAGE = YES_ERROR;
				CLANG_WARN_DOCUMENTATION_COMMENTS = YES;
				CLANG_WARN_EMPTY_BODY = YES;
				CLANG_WARN_ENUM_CONVERSION = YES;
				CLANG_WARN_INFINITE_RECURSION = YES;
				CLANG_WARN_INT_CONVERSION = YES;
				CLANG_WARN_NON_LITERAL_NULL_CONVERSION = YES;
				CLANG_WARN_OBJC_IMPLICIT_RETAIN_SELF = YES;
				CLANG_WARN_OBJC_LITERAL_CONVERSION = YES;
				CLANG_WARN_OBJC_ROOT_CLASS = YES_ERROR;
				CLANG_WARN_QUOTED_INCLUDE_IN_FRAMEWORK_HEADER = YES;
				CLANG_WARN_RANGE_LOOP_ANALYSIS = YES;
				CLANG_WARN_STRICT_PROTOTYPES = YES;
				CLANG_WARN_SUSPICIOUS_MOVE = YES;
				CLANG_WARN_UNGUARDED_AVAILABILITY = YES_AGGRESSIVE;
				CLANG_WARN_UNREACHABLE_CODE = YES;
				CLANG_WARN__DUPLICATE_METHOD_MATCH = YES;
				COPY_PHASE_STRIP = NO;
				DEBUG_INFORMATION_FORMAT = dwarf;
				DEVELOPMENT_TEAM = FBUNBDS7R7;
				ENABLE_STRICT_OBJC_MSGSEND = YES;
				ENABLE_TESTABILITY = YES;
				ENABLE_USER_SCRIPT_SANDBOXING = YES;
				GCC_C_LANGUAGE_STANDARD = gnu17;
				GCC_DYNAMIC_NO_PIC = NO;
				GCC_NO_COMMON_BLOCKS = YES;
				GCC_OPTIMIZATION_LEVEL = 0;
				GCC_PREPROCESSOR_DEFINITIONS = (
					"DEBUG=1",
					"$(inherited)",
				);
				GCC_WARN_64_TO_32_BIT_CONVERSION = YES;
				GCC_WARN_ABOUT_RETURN_TYPE = YES_ERROR;
				GCC_WARN_UNDECLARED_SELECTOR = YES;
				GCC_WARN_UNINITIALIZED_AUTOS = YES_AGGRESSIVE;
				GCC_WARN_UNUSED_FUNCTION = YES;
				GCC_WARN_UNUSED_VARIABLE = YES;
				IPHONEOS_DEPLOYMENT_TARGET = 27.0;
				LOCALIZATION_PREFERS_STRING_CATALOGS = YES;
				MTL_ENABLE_DEBUG_INFO = INCLUDE_SOURCE;
				MTL_FAST_MATH = YES;
				ONLY_ACTIVE_ARCH = YES;
				SDKROOT = iphoneos;
				SWIFT_ACTIVE_COMPILATION_CONDITIONS = "DEBUG $(inherited)";
				SWIFT_OPTIMIZATION_LEVEL = "-Onone";
			};
			name = Debug;
		};
		85F3B6413007128B00DA91ED /* Release configuration for PBXProject "AI Camera" */ = {
			isa = XCBuildConfiguration;
			buildSettings = {
				ALWAYS_SEARCH_USER_PATHS = NO;
				ASSETCATALOG_COMPILER_GENERATE_SWIFT_ASSET_SYMBOL_EXTENSIONS = YES;
				CLANG_ANALYZER_NONNULL = YES;
				CLANG_ANALYZER_NUMBER_OBJECT_CONVERSION = YES_AGGRESSIVE;
				CLANG_CXX_LANGUAGE_STANDARD = "gnu++20";
				CLANG_ENABLE_MODULES = YES;
				CLANG_ENABLE_OBJC_ARC = YES;
				CLANG_ENABLE_OBJC_WEAK = YES;
				CLANG_WARN_BLOCK_CAPTURE_AUTORELEASING = YES;
				CLANG_WARN_BOOL_CONVERSION = YES;
				CLANG_WARN_COMMA = YES;
				CLANG_WARN_CONSTANT_CONVERSION = YES;
				CLANG_WARN_DEPRECATED_OBJC_IMPLEMENTATIONS = YES;
				CLANG_WARN_DIRECT_OBJC_ISA_USAGE = YES_ERROR;
				CLANG_WARN_DOCUMENTATION_COMMENTS = YES;
				CLANG_WARN_EMPTY_BODY = YES;
				CLANG_WARN_ENUM_CONVERSION = YES;
				CLANG_WARN_INFINITE_RECURSION = YES;
				CLANG_WARN_INT_CONVERSION = YES;
				CLANG_WARN_NON_LITERAL_NULL_CONVERSION = YES;
				CLANG_WARN_OBJC_IMPLICIT_RETAIN_SELF = YES;
				CLANG_WARN_OBJC_LITERAL_CONVERSION = YES;
				CLANG_WARN_OBJC_ROOT_CLASS = YES_ERROR;
				CLANG_WARN_QUOTED_INCLUDE_IN_FRAMEWORK_HEADER = YES;
				CLANG_WARN_RANGE_LOOP_ANALYSIS = YES;
				CLANG_WARN_STRICT_PROTOTYPES = YES;
				CLANG_WARN_SUSPICIOUS_MOVE = YES;
				CLANG_WARN_UNGUARDED_AVAILABILITY = YES_AGGRESSIVE;
				CLANG_WARN_UNREACHABLE_CODE = YES;
				CLANG_WARN__DUPLICATE_METHOD_MATCH = YES;
				COPY_PHASE_STRIP = NO;
				DEBUG_INFORMATION_FORMAT = "dwarf-with-dsym";
				DEVELOPMENT_TEAM = FBUNBDS7R7;
				ENABLE_NS_ASSERTIONS = NO;
				ENABLE_STRICT_OBJC_MSGSEND = YES;
				ENABLE_USER_SCRIPT_SANDBOXING = YES;
				GCC_C_LANGUAGE_STANDARD = gnu17;
				GCC_NO_COMMON_BLOCKS = YES;
				GCC_WARN_64_TO_32_BIT_CONVERSION = YES;
				GCC_WARN_ABOUT_RETURN_TYPE = YES_ERROR;
				GCC_WARN_UNDECLARED_SELECTOR = YES;
				GCC_WARN_UNINITIALIZED_AUTOS = YES_AGGRESSIVE;
				GCC_WARN_UNUSED_FUNCTION = YES;
				GCC_WARN_UNUSED_VARIABLE = YES;
				IPHONEOS_DEPLOYMENT_TARGET = 27.0;
				LOCALIZATION_PREFERS_STRING_CATALOGS = YES;
				MTL_ENABLE_DEBUG_INFO = NO;
				MTL_FAST_MATH = YES;
				SDKROOT = iphoneos;
				SWIFT_COMPILATION_MODE = wholemodule;
				VALIDATE_PRODUCT = YES;
			};
			name = Release;
		};
		85F3B6433007128B00DA91ED /* Debug configuration for PBXNativeTarget "AI Camera" */ = {
			isa = XCBuildConfiguration;
			buildSettings = {
				ASSETCATALOG_COMPILER_APPICON_NAME = AppIcon;
				ASSETCATALOG_COMPILER_GLOBAL_ACCENT_COLOR_NAME = AccentColor;
				CODE_SIGN_ENTITLEMENTS = "AI Camera/AI Camera.entitlements";
				CODE_SIGN_STYLE = Automatic;
				CURRENT_PROJECT_VERSION = 1;
				DEVELOPMENT_TEAM = FBUNBDS7R7;
				ENABLE_PREVIEWS = YES;
				GENERATE_INFOPLIST_FILE = YES;
				INFOPLIST_KEY_NSCameraUsageDescription = "The camera is the camera. Nothing leaves your phone.";
				INFOPLIST_KEY_NSLocationWhenInUseUsageDescription = "Stamps each shot with where it was taken, the way a date-back camera does. Nothing leaves your phone.";
				INFOPLIST_KEY_NSPhotoLibraryAddUsageDescription = "Finished shots are saved to your photo library. That is where they develop.";
				INFOPLIST_KEY_UIApplicationSceneManifest_Generation = YES;
				INFOPLIST_KEY_UIApplicationSupportsIndirectInputEvents = YES;
				INFOPLIST_KEY_UILaunchScreen_Generation = YES;
				INFOPLIST_KEY_UISupportedInterfaceOrientations_iPad = "UIInterfaceOrientationPortrait UIInterfaceOrientationPortraitUpsideDown UIInterfaceOrientationLandscapeLeft UIInterfaceOrientationLandscapeRight";
				INFOPLIST_KEY_UISupportedInterfaceOrientations_iPhone = "UIInterfaceOrientationPortrait UIInterfaceOrientationLandscapeLeft UIInterfaceOrientationLandscapeRight";
				LD_RUNPATH_SEARCH_PATHS = (
					"$(inherited)",
					"@executable_path/Frameworks",
				);
				MARKETING_VERSION = 1.0;
				PRODUCT_BUNDLE_IDENTIFIER = "com.MarkFriedlander.AI-Camera";
				PRODUCT_NAME = "$(TARGET_NAME)";
				STRING_CATALOG_GENERATE_SYMBOLS = YES;
				SWIFT_APPROACHABLE_CONCURRENCY = YES;
				SWIFT_DEFAULT_ACTOR_ISOLATION = MainActor;
				SWIFT_EMIT_LOC_STRINGS = YES;
				SWIFT_UPCOMING_FEATURE_MEMBER_IMPORT_VISIBILITY = YES;
				SWIFT_VERSION = 5.0;
				TARGETED_DEVICE_FAMILY = "1,2";
			};
			name = Debug;
		};
		85F3B6443007128B00DA91ED /* Release configuration for PBXNativeTarget "AI Camera" */ = {
			isa = XCBuildConfiguration;
			buildSettings = {
				ASSETCATALOG_COMPILER_APPICON_NAME = AppIcon;
				ASSETCATALOG_COMPILER_GLOBAL_ACCENT_COLOR_NAME = AccentColor;
				CODE_SIGN_ENTITLEMENTS = "AI Camera/AI Camera.entitlements";
				CODE_SIGN_STYLE = Automatic;
				CURRENT_PROJECT_VERSION = 1;
				DEVELOPMENT_TEAM = FBUNBDS7R7;
				ENABLE_PREVIEWS = YES;
				GENERATE_INFOPLIST_FILE = YES;
				INFOPLIST_KEY_NSCameraUsageDescription = "The camera is the camera. Nothing leaves your phone.";
				INFOPLIST_KEY_NSLocationWhenInUseUsageDescription = "Stamps each shot with where it was taken, the way a date-back camera does. Nothing leaves your phone.";
				INFOPLIST_KEY_NSPhotoLibraryAddUsageDescription = "Finished shots are saved to your photo library. That is where they develop.";
				INFOPLIST_KEY_UIApplicationSceneManifest_Generation = YES;
				INFOPLIST_KEY_UIApplicationSupportsIndirectInputEvents = YES;
				INFOPLIST_KEY_UILaunchScreen_Generation = YES;
				INFOPLIST_KEY_UISupportedInterfaceOrientations_iPad = "UIInterfaceOrientationPortrait UIInterfaceOrientationPortraitUpsideDown UIInterfaceOrientationLandscapeLeft UIInterfaceOrientationLandscapeRight";
				INFOPLIST_KEY_UISupportedInterfaceOrientations_iPhone = "UIInterfaceOrientationPortrait UIInterfaceOrientationLandscapeLeft UIInterfaceOrientationLandscapeRight";
				LD_RUNPATH_SEARCH_PATHS = (
					"$(inherited)",
					"@executable_path/Frameworks",
				);
				MARKETING_VERSION = 1.0;
				PRODUCT_BUNDLE_IDENTIFIER = "com.MarkFriedlander.AI-Camera";
				PRODUCT_NAME = "$(TARGET_NAME)";
				STRING_CATALOG_GENERATE_SYMBOLS = YES;
				SWIFT_APPROACHABLE_CONCURRENCY = YES;
				SWIFT_DEFAULT_ACTOR_ISOLATION = MainActor;
				SWIFT_EMIT_LOC_STRINGS = YES;
				SWIFT_UPCOMING_FEATURE_MEMBER_IMPORT_VISIBILITY = YES;
				SWIFT_VERSION = 5.0;
				TARGETED_DEVICE_FAMILY = "1,2";
			};
			name = Release;
		};
/* End XCBuildConfiguration section */

/* Begin XCConfigurationList section */
		85F3B6323007128400DA91ED /* Build configuration list for PBXProject "AI Camera" */ = {
			isa = XCConfigurationList;
			buildConfigurations = (
				85F3B6403007128B00DA91ED /* Debug configuration for PBXProject "AI Camera" */,
				85F3B6413007128B00DA91ED /* Release configuration for PBXProject "AI Camera" */,
			);
			defaultConfigurationName = Release;
		};
		85F3B6423007128B00DA91ED /* Build configuration list for PBXNativeTarget "AI Camera" */ = {
			isa = XCConfigurationList;
			buildConfigurations = (
				85F3B6433007128B00DA91ED /* Debug configuration for PBXNativeTarget "AI Camera" */,
				85F3B6443007128B00DA91ED /* Release configuration for PBXNativeTarget "AI Camera" */,
			);
			defaultConfigurationName = Release;
		};
/* End XCConfigurationList section */

/* Begin XCRemoteSwiftPackageReference section */
		85F3B66B300740F300DA91ED /* XCRemoteSwiftPackageReference "mlx-swift-lm" */ = {
			isa = XCRemoteSwiftPackageReference;
			repositoryURL = "https://github.com/ml-explore/mlx-swift-lm";
			requirement = {
				kind = upToNextMajorVersion;
				minimumVersion = 3.0.0;
			};
		};
		85F3B6733007442500DA91ED /* XCRemoteSwiftPackageReference "swift-transformers" */ = {
			isa = XCRemoteSwiftPackageReference;
			repositoryURL = "https://github.com/huggingface/swift-transformers";
			requirement = {
				kind = exactVersion;
				version = 1.3.3;
			};
		};
/* End XCRemoteSwiftPackageReference section */

/* Begin XCSwiftPackageProductDependency section */
		85F3B66C300740F300DA91ED /* MLXLMCommon */ = {
			isa = XCSwiftPackageProductDependency;
			package = 85F3B66B300740F300DA91ED /* XCRemoteSwiftPackageReference "mlx-swift-lm" */;
			productName = MLXLMCommon;
		};
		85F3B66E300740F300DA91ED /* MLXVLM */ = {
			isa = XCSwiftPackageProductDependency;
			package = 85F3B66B300740F300DA91ED /* XCRemoteSwiftPackageReference "mlx-swift-lm" */;
			productName = MLXVLM;
		};
		85F3B6713007434600DA91ED /* MLXHuggingFace */ = {
			isa = XCSwiftPackageProductDependency;
			package = 85F3B66B300740F300DA91ED /* XCRemoteSwiftPackageReference "mlx-swift-lm" */;
			productName = MLXHuggingFace;
		};
		85F3B6743007442500DA91ED /* Hub */ = {
			isa = XCSwiftPackageProductDependency;
			package = 85F3B6733007442500DA91ED /* XCRemoteSwiftPackageReference "swift-transformers" */;
			productName = Hub;
		};
		85F3B6763007442500DA91ED /* Tokenizers */ = {
			isa = XCSwiftPackageProductDependency;
			package = 85F3B6733007442500DA91ED /* XCRemoteSwiftPackageReference "swift-transformers" */;
			productName = Tokenizers;
		};
		85F3B6783007442500DA91ED /* Transformers */ = {
			isa = XCSwiftPackageProductDependency;
			package = 85F3B6733007442500DA91ED /* XCRemoteSwiftPackageReference "swift-transformers" */;
			productName = Transformers;
		};
/* End XCSwiftPackageProductDependency section */
	};
	rootObject = 85F3B62F3007128400DA91ED /* Project object */;
	validationLevel = 1;
}
